
Microsoft Visual Studio Solution File, Format Version 12.00
# Visual Studio Version 17
VisualStudioVersion = 17.5.33424.131
MinimumVisualStudioVersion = 10.0.40219.1
Project("{FAE04EC0-301F-11D3-BF4B-00C04F79EFBC}") = "CristobalPrintFeature", "CristobalPrintFeature.csproj", "{D0C40FBB-7441-45E8-9A6C-D1928878B5CE}"
EndProject
Global
	GlobalSection(SolutionConfigurationPlatforms) = preSolution
		Debug|Any CPU = Debug|Any CPU
		Release|Any CPU = Release|Any CPU
	EndGlobalSection
	GlobalSection(ProjectConfigurationPlatforms) = postSolution
		{D0C40FBB-7441-45E8-9A6C-D1928878B5CE}.Debug|Any CPU.ActiveCfg = Debug|Any CPU
		{D0C40FBB-7441-45E8-9A6C-D1928878B5CE}.Debug|Any CPU.Build.0 = Debug|Any CPU
		{D0C40FBB-7441-45E8-9A6C-D1928878B5CE}.Release|Any CPU.ActiveCfg = Release|Any CPU
		{D0C40FBB-7441-45E8-9A6C-D1928878B5CE}.Release|Any CPU.Build.0 = Release|Any CPU
	EndGlobalSection
	GlobalSection(SolutionProperties) = preSolution
		HideSolutionNode = FALSE
	EndGlobalSection
	GlobalSection(ExtensibilityGlobals) = postSolution
		SolutionGuid = {CEB760DD-D543-431F-BCDC-8B1AEECE40B5}
	EndGlobalSection
EndGlobal
